// !$*UTF8*$!
{
	archiveVersion = 1;
	classes = {
	};
	objectVersion = 46;
	objects = {

/* Begin PBXBuildFile section */
		C66009281A2B5C3100728A53 /* Student.m in Sources */ = {isa = PBXBuildFile; fileRef = C66009271A2B5C3100728A53 /* Student.m */; };
		C660092B1A2B718400728A53 /* Teacher.m in Sources */ = {isa = PBXBuildFile; fileRef = C660092A1A2B718400728A53 /* Teacher.m */; };
		C660092E1A2B785900728A53 /* externalTeacher.m in Sources */ = {isa = PBXBuildFile; fileRef = C660092D1A2B785900728A53 /* externalTeacher.m */; };
		C66009311A2B7BA200728A53 /* internalTeacher.m in Sources */ = {isa = PBXBuildFile; fileRef = C66009301A2B7BA200728A53 /* internalTeacher.m */; };
		C66009341A2CB9B100728A53 /* FullCampusException.m in Sources */ = {isa = PBXBuildFile; fileRef = C66009331A2CB9B100728A53 /* FullCampusException.m */; };
		C66009371A2CBDAA00728A53 /* Infomaniak.m in Sources */ = {isa = PBXBuildFile; fileRef = C66009361A2CBDAA00728A53 /* Infomaniak.m */; };
		C6C2609C1A26A24700BA02E6 /* main.m in Sources */ = {isa = PBXBuildFile; fileRef = C6C2609B1A26A24700BA02E6 /* main.m */; };
		C6C260A31A27F50B00BA02E6 /* Campus.m in Sources */ = {isa = PBXBuildFile; fileRef = C6C260A21A27F50B00BA02E6 /* Campus.m */; };
/* End PBXBuildFile section */

/* Begin PBXCopyFilesBuildPhase section */
		C6C260961A26A24700BA02E6 /* CopyFiles */ = {
			isa = PBXCopyFilesBuildPhase;
			buildActionMask = 2147483647;
			dstPath = /usr/share/man/man1/;
			dstSubfolderSpec = 0;
			files = (
			);
			runOnlyForDeploymentPostprocessing = 1;
		};
/* End PBXCopyFilesBuildPhase section */

/* Begin PBXFileReference section */
		C66009271A2B5C3100728A53 /* Student.m */ = {isa = PBXFileReference; fileEncoding = 4; lastKnownFileType = sourcecode.c.objc; path = Student.m; sourceTree = "<group>"; };
		C66009291A2B5C4700728A53 /* Student.h */ = {isa = PBXFileReference; fileEncoding = 4; lastKnownFileType = sourcecode.c.h; path = Student.h; sourceTree = "<group>"; };
		C660092A1A2B718400728A53 /* Teacher.m */ = {isa = PBXFileReference; fileEncoding = 4; lastKnownFileType = sourcecode.c.objc; path = Teacher.m; sourceTree = "<group>"; };
		C660092C1A2B719800728A53 /* Teacher.h */ = {isa = PBXFileReference; fileEncoding = 4; lastKnownFileType = sourcecode.c.h; path = Teacher.h; sourceTree = "<group>"; };
		C660092D1A2B785900728A53 /* externalTeacher.m */ = {isa = PBXFileReference; fileEncoding = 4; lastKnownFileType = sourcecode.c.objc; path = externalTeacher.m; sourceTree = "<group>"; };
		C660092F1A2B786A00728A53 /* externalTeacher.h */ = {isa = PBXFileReference; fileEncoding = 4; lastKnownFileType = sourcecode.c.h; path = externalTeacher.h; sourceTree = "<group>"; };
		C66009301A2B7BA200728A53 /* internalTeacher.m */ = {isa = PBXFileReference; fileEncoding = 4; lastKnownFileType = sourcecode.c.objc; path = internalTeacher.m; sourceTree = "<group>"; };
		C66009321A2B7BB900728A53 /* internalTeacher.h */ = {isa = PBXFileReference; fileEncoding = 4; lastKnownFileType = sourcecode.c.h; path = internalTeacher.h; sourceTree = "<group>"; };
		C66009331A2CB9B100728A53 /* FullCampusException.m */ = {isa = PBXFileReference; fileEncoding = 4; lastKnownFileType = sourcecode.c.objc; path = FullCampusException.m; sourceTree = "<group>"; };
		C66009351A2CB9C200728A53 /* FullCampusException.h */ = {isa = PBXFileReference; fileEncoding = 4; lastKnownFileType = sourcecode.c.h; path = FullCampusException.h; sourceTree = "<group>"; };
		C66009361A2CBDAA00728A53 /* Infomaniak.m */ = {isa = PBXFileReference; fileEncoding = 4; lastKnownFileType = sourcecode.c.objc; path = Infomaniak.m; sourceTree = "<group>"; };
		C66009381A2CBDBE00728A53 /* Infomaniak.h */ = {isa = PBXFileReference; fileEncoding = 4; lastKnownFileType = sourcecode.c.h; path = Infomaniak.h; sourceTree = "<group>"; };
		C6C260981A26A24700BA02E6 /* Infomaniak */ = {isa = PBXFileReference; explicitFileType = "compiled.mach-o.executable"; includeInIndex = 0; path = Infomaniak; sourceTree = BUILT_PRODUCTS_DIR; };
		C6C2609B1A26A24700BA02E6 /* main.m */ = {isa = PBXFileReference; lastKnownFileType = sourcecode.c.objc; path = main.m; sourceTree = "<group>"; };
		C6C260A21A27F50B00BA02E6 /* Campus.m */ = {isa = PBXFileReference; fileEncoding = 4; lastKnownFileType = sourcecode.c.objc; path = Campus.m; sourceTree = "<group>"; };
		C6C260A51A27FFE300BA02E6 /* Campus.h */ = {isa = PBXFileReference; fileEncoding = 4; lastKnownFileType = sourcecode.c.h; path = Campus.h; sourceTree = "<group>"; };
/* End PBXFileReference section */

/* Begin PBXFrameworksBuildPhase section */
		C6C260951A26A24700BA02E6 /* Frameworks */ = {
			isa = PBXFrameworksBuildPhase;
			buildActionMask = 2147483647;
			files = (
			);
			runOnlyForDeploymentPostprocessing = 0;
		};
/* End PBXFrameworksBuildPhase section */

/* Begin PBXGroup section */
		C6C2608F1A26A24700BA02E6 = {
			isa = PBXGroup;
			children = (
				C6C2609A1A26A24700BA02E6 /* Infomaniak */,
				C6C260991A26A24700BA02E6 /* Products */,
			);
			sourceTree = "<group>";
		};
		C6C260991A26A24700BA02E6 /* Products */ = {
			isa = PBXGroup;
			children = (
				C6C260981A26A24700BA02E6 /* Infomaniak */,
			);
			name = Products;
			sourceTree = "<group>";
		};
		C6C2609A1A26A24700BA02E6 /* Infomaniak */ = {
			isa = PBXGroup;
			children = (
				C6C2609B1A26A24700BA02E6 /* main.m */,
				C6C260A21A27F50B00BA02E6 /* Campus.m */,
				C6C260A51A27FFE300BA02E6 /* Campus.h */,
				C66009271A2B5C3100728A53 /* Student.m */,
				C66009291A2B5C4700728A53 /* Student.h */,
				C660092A1A2B718400728A53 /* Teacher.m */,
				C660092C1A2B719800728A53 /* Teacher.h */,
				C660092D1A2B785900728A53 /* externalTeacher.m */,
				C660092F1A2B786A00728A53 /* externalTeacher.h */,
				C66009301A2B7BA200728A53 /* internalTeacher.m */,
				C66009321A2B7BB900728A53 /* internalTeacher.h */,
				C66009331A2CB9B100728A53 /* FullCampusException.m */,
				C66009351A2CB9C200728A53 /* FullCampusException.h */,
				C66009361A2CBDAA00728A53 /* Infomaniak.m */,
				C66009381A2CBDBE00728A53 /* Infomaniak.h */,
			);
			path = Infomaniak;
			sourceTree = "<group>";
		};
/* End PBXGroup section */

/* Begin PBXNativeTarget section */
		C6C260971A26A24700BA02E6 /* Infomaniak */ = {
			isa = PBXNativeTarget;
			buildConfigurationList = C6C2609F1A26A24700BA02E6 /* Build configuration list for PBXNativeTarget "Infomaniak" */;
			buildPhases = (
				C6C260941A26A24700BA02E6 /* Sources */,
				C6C260951A26A24700BA02E6 /* Frameworks */,
				C6C260961A26A24700BA02E6 /* CopyFiles */,
			);
			buildRules = (
			);
			dependencies = (
			);
			name = Infomaniak;
			productName = Infomaniak;
			productReference = C6C260981A26A24700BA02E6 /* Infomaniak */;
			productType = "com.apple.product-type.tool";
		};
/* End PBXNativeTarget section */

/* Begin PBXProject section */
		C6C260901A26A24700BA02E6 /* Project object */ = {
			isa = PBXProject;
			attributes = {
				LastUpgradeCheck = 0610;
				ORGANIZATIONNAME = "ZHANG Nan";
				TargetAttributes = {
					C6C260971A26A24700BA02E6 = {
						CreatedOnToolsVersion = 6.1;
					};
				};
			};
			buildConfigurationList = C6C260931A26A24700BA02E6 /* Build configuration list for PBXProject "Infomaniak" */;
			compatibilityVersion = "Xcode 3.2";
			developmentRegion = English;
			hasScannedForEncodings = 0;
			knownRegions = (
				en,
			);
			mainGroup = C6C2608F1A26A24700BA02E6;
			productRefGroup = C6C260991A26A24700BA02E6 /* Products */;
			projectDirPath = "";
			projectRoot = "";
			targets = (
				C6C260971A26A24700BA02E6 /* Infomaniak */,
			);
		};
/* End PBXProject section */

/* Begin PBXSourcesBuildPhase section */
		C6C260941A26A24700BA02E6 /* Sources */ = {
			isa = PBXSourcesBuildPhase;
			buildActionMask = 2147483647;
			files = (
				C660092B1A2B718400728A53 /* Teacher.m in Sources */,
				C66009341A2CB9B100728A53 /* FullCampusException.m in Sources */,
				C6C260A31A27F50B00BA02E6 /* Campus.m in Sources */,
				C6C2609C1A26A24700BA02E6 /* main.m in Sources */,
				C66009371A2CBDAA00728A53 /* Infomaniak.m in Sources */,
				C66009311A2B7BA200728A53 /* internalTeacher.m in Sources */,
				C660092E1A2B785900728A53 /* externalTeacher.m in Sources */,
				C66009281A2B5C3100728A53 /* Student.m in Sources */,
			);
			runOnlyForDeploymentPostprocessing = 0;
		};
/* End PBXSourcesBuildPhase section */

/* Begin XCBuildConfiguration section */
		C6C2609D1A26A24700BA02E6 /* Debug */ = {
			isa = XCBuildConfiguration;
			buildSettings = {
				ALWAYS_SEARCH_USER_PATHS = NO;
				CLANG_CXX_LANGUAGE_STANDARD = "gnu++0x";
				CLANG_CXX_LIBRARY = "libc++";
				CLANG_ENABLE_MODULES = YES;
				CLANG_ENABLE_OBJC_ARC = YES;
				CLANG_WARN_BOOL_CONVERSION = YES;
				CLANG_WARN_CONSTANT_CONVERSION = YES;
				CLANG_WARN_DIRECT_OBJC_ISA_USAGE = YES_ERROR;
				CLANG_WARN_EMPTY_BODY = YES;
				CLANG_WARN_ENUM_CONVERSION = YES;
				CLANG_WARN_INT_CONVERSION = YES;
				CLANG_WARN_OBJC_ROOT_CLASS = YES_ERROR;
				CLANG_WARN_UNREACHABLE_CODE = YES;
				CLANG_WARN__DUPLICATE_METHOD_MATCH = YES;
				COPY_PHASE_STRIP = NO;
				ENABLE_STRICT_OBJC_MSGSEND = YES;
				GCC_C_LANGUAGE_STANDARD = gnu99;
				GCC_DYNAMIC_NO_PIC = NO;
				GCC_OPTIMIZATION_LEVEL = 0;
				GCC_PREPROCESSOR_DEFINITIONS = (
					"DEBUG=1",
					"$(inherited)",
				);
				GCC_SYMBOLS_PRIVATE_EXTERN = NO;
				GCC_WARN_64_TO_32_BIT_CONVERSION = YES;
				GCC_WARN_ABOUT_RETURN_TYPE = YES_ERROR;
				GCC_WARN_UNDECLARED_SELECTOR = YES;
				GCC_WARN_UNINITIALIZED_AUTOS = YES_AGGRESSIVE;
				GCC_WARN_UNUSED_FUNCTION = YES;
				GCC_WARN_UNUSED_VARIABLE = YES;
				MACOSX_DEPLOYMENT_TARGET = 10.10;
				MTL_ENABLE_DEBUG_INFO = YES;
				ONLY_ACTIVE_ARCH = YES;
				SDKROOT = macosx;
			};
			name = Debug;
		};
		C6C2609E1A26A24700BA02E6 /* Release */ = {
			isa = XCBuildConfiguration;
			buildSettings = {
				ALWAYS_SEARCH_USER_PATHS = NO;
				CLANG_CXX_LANGUAGE_STANDARD = "gnu++0x";
				CLANG_CXX_LIBRARY = "libc++";
				CLANG_ENABLE_MODULES = YES;
				CLANG_ENABLE_OBJC_ARC = YES;
				CLANG_WARN_BOOL_CONVERSION = YES;
				CLANG_WARN_CONSTANT_CONVERSION = YES;
				CLANG_WARN_DIRECT_OBJC_ISA_USAGE = YES_ERROR;
				CLANG_WARN_EMPTY_BODY = YES;
				CLANG_WARN_ENUM_CONVERSION = YES;
				CLANG_WARN_INT_CONVERSION = YES;
				CLANG_WARN_OBJC_ROOT_CLASS = YES_ERROR;
				CLANG_WARN_UNREACHABLE_CODE = YES;
				CLANG_WARN__DUPLICATE_METHOD_MATCH = YES;
				COPY_PHASE_STRIP = YES;
				DEBUG_INFORMATION_FORMAT = "dwarf-with-dsym";
				ENABLE_NS_ASSERTIONS = NO;
				ENABLE_STRICT_OBJC_MSGSEND = YES;
				GCC_C_LANGUAGE_STANDARD = gnu99;
				GCC_WARN_64_TO_32_BIT_CONVERSION = YES;
				GCC_WARN_ABOUT_RETURN_TYPE = YES_ERROR;
				GCC_WARN_UNDECLARED_SELECTOR = YES;
				GCC_WARN_UNINITIALIZED_AUTOS = YES_AGGRESSIVE;
				GCC_WARN_UNUSED_FUNCTION = YES;
				GCC_WARN_UNUSED_VARIABLE = YES;
				MACOSX_DEPLOYMENT_TARGET = 10.10;
				MTL_ENABLE_DEBUG_INFO = NO;
				SDKROOT = macosx;
			};
			name = Release;
		};
		C6C260A01A26A24700BA02E6 /* Debug */ = {
			isa = XCBuildConfiguration;
			buildSettings = {
				PRODUCT_NAME = "$(TARGET_NAME)";
			};
			name = Debug;
		};
		C6C260A11A26A24700BA02E6 /* Release */ = {
			isa = XCBuildConfiguration;
			buildSettings = {
				PRODUCT_NAME = "$(TARGET_NAME)";
			};
			name = Release;
		};
/* End XCBuildConfiguration section */

/* Begin XCConfigurationList section */
		C6C260931A26A24700BA02E6 /* Build configuration list for PBXProject "Infomaniak" */ = {
			isa = XCConfigurationList;
			buildConfigurations = (
				C6C2609D1A26A24700BA02E6 /* Debug */,
				C6C2609E1A26A24700BA02E6 /* Release */,
			);
			defaultConfigurationIsVisible = 0;
			defaultConfigurationName = Release;
		};
		C6C2609F1A26A24700BA02E6 /* Build configuration list for PBXNativeTarget "Infomaniak" */ = {
			isa = XCConfigurationList;
			buildConfigurations = (
				C6C260A01A26A24700BA02E6 /* Debug */,
				C6C260A11A26A24700BA02E6 /* Release */,
			);
			defaultConfigurationIsVisible = 0;
			defaultConfigurationName = Release;
		};
/* End XCConfigurationList section */
	};
	rootObject = C6C260901A26A24700BA02E6 /* Project object */;
}
